
Microsoft Visual Studio Solution File, Format Version 12.00
# Visual Studio 15
VisualStudioVersion = 15.0.26730.3
MinimumVisualStudioVersion = 10.0.40219.1
Project("{FAE04EC0-301F-11D3-BF4B-00C04F79EFBC}") = "Forest", "Forest\Forest.csproj", "{4A6F3346-27B2-4D46-A4FA-61BCE0F67F3C}"
EndProject
Project("{FAE04EC0-301F-11D3-BF4B-00C04F79EFBC}") = "Forest.Data", "Forest.Data\Forest.Data\Forest.Data.csproj", "{F4D5C5C9-52AC-4EBC-A767-87D9D6B13968}"
EndProject
Project("{FAE04EC0-301F-11D3-BF4B-00C04F79EFBC}") = "Forest.Services", "Forest.Services\Forest.Services\Forest.Services.csproj", "{2586BF73-5E4A-486E-B4D7-65E086292182}"
EndProject
Project("{FAE04EC0-301F-11D3-BF4B-00C04F79EFBC}") = "Leipzig.Services", "Leipzig.Services\Leipzig.Services.csproj", "{D1A48327-51A0-4E4D-9B51-B650566761E4}"
EndProject
Global
	GlobalSection(SolutionConfigurationPlatforms) = preSolution
		Debug|Any CPU = Debug|Any CPU
		Release|Any CPU = Release|Any CPU
	EndGlobalSection
	GlobalSection(ProjectConfigurationPlatforms) = postSolution
		{4A6F3346-27B2-4D46-A4FA-61BCE0F67F3C}.Debug|Any CPU.ActiveCfg = Debug|Any CPU
		{4A6F3346-27B2-4D46-A4FA-61BCE0F67F3C}.Debug|Any CPU.Build.0 = Debug|Any CPU
		{4A6F3346-27B2-4D46-A4FA-61BCE0F67F3C}.Release|Any CPU.ActiveCfg = Release|Any CPU
		{4A6F3346-27B2-4D46-A4FA-61BCE0F67F3C}.Release|Any CPU.Build.0 = Release|Any CPU
		{F4D5C5C9-52AC-4EBC-A767-87D9D6B13968}.Debug|Any CPU.ActiveCfg = Debug|Any CPU
		{F4D5C5C9-52AC-4EBC-A767-87D9D6B13968}.Debug|Any CPU.Build.0 = Debug|Any CPU
		{F4D5C5C9-52AC-4EBC-A767-87D9D6B13968}.Release|Any CPU.ActiveCfg = Release|Any CPU
		{F4D5C5C9-52AC-4EBC-A767-87D9D6B13968}.Release|Any CPU.Build.0 = Release|Any CPU
		{2586BF73-5E4A-486E-B4D7-65E086292182}.Debug|Any CPU.ActiveCfg = Debug|Any CPU
		{2586BF73-5E4A-486E-B4D7-65E086292182}.Debug|Any CPU.Build.0 = Debug|Any CPU
		{2586BF73-5E4A-486E-B4D7-65E086292182}.Release|Any CPU.ActiveCfg = Release|Any CPU
		{2586BF73-5E4A-486E-B4D7-65E086292182}.Release|Any CPU.Build.0 = Release|Any CPU
		{D1A48327-51A0-4E4D-9B51-B650566761E4}.Debug|Any CPU.ActiveCfg = Debug|Any CPU
		{D1A48327-51A0-4E4D-9B51-B650566761E4}.Debug|Any CPU.Build.0 = Debug|Any CPU
		{D1A48327-51A0-4E4D-9B51-B650566761E4}.Release|Any CPU.ActiveCfg = Release|Any CPU
		{D1A48327-51A0-4E4D-9B51-B650566761E4}.Release|Any CPU.Build.0 = Release|Any CPU
	EndGlobalSection
	GlobalSection(SolutionProperties) = preSolution
		HideSolutionNode = FALSE
	EndGlobalSection
	GlobalSection(ExtensibilityGlobals) = postSolution
		SolutionGuid = {D8C951D3-E8BD-4788-8C51-9E42BF850322}
	EndGlobalSection
EndGlobal
